// !$*UTF8*$!
{
	archiveVersion = 1;
	classes = {
	};
	objectVersion = 56;
	objects = {

/* Begin PBXBuildFile section */
		2E66B3652C738C8800DB0E0A /* combiningSqlAndSwiftApp.swift in Sources */ = {isa = PBXBuildFile; fileRef = 2E66B3642C738C8800DB0E0A /* combiningSqlAndSwiftApp.swift */; };
		2E66B3672C738C8800DB0E0A /* ContentView.swift in Sources */ = {isa = PBXBuildFile; fileRef = 2E66B3662C738C8800DB0E0A /* ContentView.swift */; };
		2E66B3692C738C8900DB0E0A /* Assets.xcassets in Resources */ = {isa = PBXBuildFile; fileRef = 2E66B3682C738C8900DB0E0A /* Assets.xcassets */; };
		2E66B36C2C738C8900DB0E0A /* Preview Assets.xcassets in Resources */ = {isa = PBXBuildFile; fileRef = 2E66B36B2C738C8900DB0E0A /* Preview Assets.xcassets */; };
		2E66B36E2C738C8900DB0E0A /* Persistence.swift in Sources */ = {isa = PBXBuildFile; fileRef = 2E66B36D2C738C8900DB0E0A /* Persistence.swift */; };
		2E66B3712C738C8900DB0E0A /* combiningSqlAndSwift.xcdatamodeld in Sources */ = {isa = PBXBuildFile; fileRef = 2E66B36F2C738C8900DB0E0A /* combiningSqlAndSwift.xcdatamodeld */; };
		2E66B37B2C738C8900DB0E0A /* combiningSqlAndSwiftTests.swift in Sources */ = {isa = PBXBuildFile; fileRef = 2E66B37A2C738C8900DB0E0A /* combiningSqlAndSwiftTests.swift */; };
		2E66B3852C738C8900DB0E0A /* combiningSqlAndSwiftUITests.swift in Sources */ = {isa = PBXBuildFile; fileRef = 2E66B3842C738C8900DB0E0A /* combiningSqlAndSwiftUITests.swift */; };
		2E66B3872C738C8900DB0E0A /* combiningSqlAndSwiftUITestsLaunchTests.swift in Sources */ = {isa = PBXBuildFile; fileRef = 2E66B3862C738C8900DB0E0A /* combiningSqlAndSwiftUITestsLaunchTests.swift */; };
/* End PBXBuildFile section */

/* Begin PBXContainerItemProxy section */
		2E66B3772C738C8900DB0E0A /* PBXContainerItemProxy */ = {
			isa = PBXContainerItemProxy;
			containerPortal = 2E66B3592C738C8800DB0E0A /* Project object */;
			proxyType = 1;
			remoteGlobalIDString = 2E66B3602C738C8800DB0E0A;
			remoteInfo = combiningSqlAndSwift;
		};
		2E66B3812C738C8900DB0E0A /* PBXContainerItemProxy */ = {
			isa = PBXContainerItemProxy;
			containerPortal = 2E66B3592C738C8800DB0E0A /* Project object */;
			proxyType = 1;
			remoteGlobalIDString = 2E66B3602C738C8800DB0E0A;
			remoteInfo = combiningSqlAndSwift;
		};
/* End PBXContainerItemProxy section */

/* Begin PBXFileReference section */
		2E66B3612C738C8800DB0E0A /* combiningSqlAndSwift.app */ = {isa = PBXFileReference; explicitFileType = wrapper.application; includeInIndex = 0; path = combiningSqlAndSwift.app; sourceTree = BUILT_PRODUCTS_DIR; };
		2E66B3642C738C8800DB0E0A /* combiningSqlAndSwiftApp.swift */ = {isa = PBXFileReference; lastKnownFileType = sourcecode.swift; path = combiningSqlAndSwiftApp.swift; sourceTree = "<group>"; };
		2E66B3662C738C8800DB0E0A /* ContentView.swift */ = {isa = PBXFileReference; lastKnownFileType = sourcecode.swift; path = ContentView.swift; sourceTree = "<group>"; };
		2E66B3682C738C8900DB0E0A /* Assets.xcassets */ = {isa = PBXFileReference; lastKnownFileType = folder.assetcatalog; path = Assets.xcassets; sourceTree = "<group>"; };
		2E66B36B2C738C8900DB0E0A /* Preview Assets.xcassets */ = {isa = PBXFileReference; lastKnownFileType = folder.assetcatalog; path = "Preview Assets.xcassets"; sourceTree = "<group>"; };
		2E66B36D2C738C8900DB0E0A /* Persistence.swift */ = {isa = PBXFileReference; lastKnownFileType = sourcecode.swift; path = Persistence.swift; sourceTree = "<group>"; };
		2E66B3702C738C8900DB0E0A /* combiningSqlAndSwift.xcdatamodel */ = {isa = PBXFileReference; lastKnownFileType = wrapper.xcdatamodel; path = combiningSqlAndSwift.xcdatamodel; sourceTree = "<group>"; };
		2E66B3762C738C8900DB0E0A /* combiningSqlAndSwiftTests.xctest */ = {isa = PBXFileReference; explicitFileType = wrapper.cfbundle; includeInIndex = 0; path = combiningSqlAndSwiftTests.xctest; sourceTree = BUILT_PRODUCTS_DIR; };
		2E66B37A2C738C8900DB0E0A /* combiningSqlAndSwiftTests.swift */ = {isa = PBXFileReference; lastKnownFileType = sourcecode.swift; path = combiningSqlAndSwiftTests.swift; sourceTree = "<group>"; };
		2E66B3802C738C8900DB0E0A /* combiningSqlAndSwiftUITests.xctest */ = {isa = PBXFileReference; explicitFileType = wrapper.cfbundle; includeInIndex = 0; path = combiningSqlAndSwiftUITests.xctest; sourceTree = BUILT_PRODUCTS_DIR; };
		2E66B3842C738C8900DB0E0A /* combiningSqlAndSwiftUITests.swift */ = {isa = PBXFileReference; lastKnownFileType = sourcecode.swift; path = combiningSqlAndSwiftUITests.swift; sourceTree = "<group>"; };
		2E66B3862C738C8900DB0E0A /* combiningSqlAndSwiftUITestsLaunchTests.swift */ = {isa = PBXFileReference; lastKnownFileType = sourcecode.swift; path = combiningSqlAndSwiftUITestsLaunchTests.swift; sourceTree = "<group>"; };
/* End PBXFileReference section */

/* Begin PBXFrameworksBuildPhase section */
		2E66B35E2C738C8800DB0E0A /* Frameworks */ = {
			isa = PBXFrameworksBuildPhase;
			buildActionMask = 2147483647;
			files = (
			);
			runOnlyForDeploymentPostprocessing = 0;
		};
		2E66B3732C738C8900DB0E0A /* Frameworks */ = {
			isa = PBXFrameworksBuildPhase;
			buildActionMask = 2147483647;
			files = (
			);
			runOnlyForDeploymentPostprocessing = 0;
		};
		2E66B37D2C738C8900DB0E0A /* Frameworks */ = {
			isa = PBXFrameworksBuildPhase;
			buildActionMask = 2147483647;
			files = (
			);
			runOnlyForDeploymentPostprocessing = 0;
		};
/* End PBXFrameworksBuildPhase section */

/* Begin PBXGroup section */
		2E66B3582C738C8800DB0E0A = {
			isa = PBXGroup;
			children = (
				2E66B3632C738C8800DB0E0A /* combiningSqlAndSwift */,
				2E66B3792C738C8900DB0E0A /* combiningSqlAndSwiftTests */,
				2E66B3832C738C8900DB0E0A /* combiningSqlAndSwiftUITests */,
				2E66B3622C738C8800DB0E0A /* Products */,
			);
			sourceTree = "<group>";
		};
		2E66B3622C738C8800DB0E0A /* Products */ = {
			isa = PBXGroup;
			children = (
				2E66B3612C738C8800DB0E0A /* combiningSqlAndSwift.app */,
				2E66B3762C738C8900DB0E0A /* combiningSqlAndSwiftTests.xctest */,
				2E66B3802C738C8900DB0E0A /* combiningSqlAndSwiftUITests.xctest */,
			);
			name = Products;
			sourceTree = "<group>";
		};
		2E66B3632C738C8800DB0E0A /* combiningSqlAndSwift */ = {
			isa = PBXGroup;
			children = (
				2E66B3642C738C8800DB0E0A /* combiningSqlAndSwiftApp.swift */,
				2E66B3662C738C8800DB0E0A /* ContentView.swift */,
				2E66B3682C738C8900DB0E0A /* Assets.xcassets */,
				2E66B36D2C738C8900DB0E0A /* Persistence.swift */,
				2E66B36F2C738C8900DB0E0A /* combiningSqlAndSwift.xcdatamodeld */,
				2E66B36A2C738C8900DB0E0A /* Preview Content */,
			);
			path = combiningSqlAndSwift;
			sourceTree = "<group>";
		};
		2E66B36A2C738C8900DB0E0A /* Preview Content */ = {
			isa = PBXGroup;
			children = (
				2E66B36B2C738C8900DB0E0A /* Preview Assets.xcassets */,
			);
			path = "Preview Content";
			sourceTree = "<group>";
		};
		2E66B3792C738C8900DB0E0A /* combiningSqlAndSwiftTests */ = {
			isa = PBXGroup;
			children = (
				2E66B37A2C738C8900DB0E0A /* combiningSqlAndSwiftTests.swift */,
			);
			path = combiningSqlAndSwiftTests;
			sourceTree = "<group>";
		};
		2E66B3832C738C8900DB0E0A /* combiningSqlAndSwiftUITests */ = {
			isa = PBXGroup;
			children = (
				2E66B3842C738C8900DB0E0A /* combiningSqlAndSwiftUITests.swift */,
				2E66B3862C738C8900DB0E0A /* combiningSqlAndSwiftUITestsLaunchTests.swift */,
			);
			path = combiningSqlAndSwiftUITests;
			sourceTree = "<group>";
		};
/* End PBXGroup section */

/* Begin PBXNativeTarget section */
		2E66B3602C738C8800DB0E0A /* combiningSqlAndSwift */ = {
			isa = PBXNativeTarget;
			buildConfigurationList = 2E66B38A2C738C8900DB0E0A /* Build configuration list for PBXNativeTarget "combiningSqlAndSwift" */;
			buildPhases = (
				2E66B35D2C738C8800DB0E0A /* Sources */,
				2E66B35E2C738C8800DB0E0A /* Frameworks */,
				2E66B35F2C738C8800DB0E0A /* Resources */,
			);
			buildRules = (
			);
			dependencies = (
			);
			name = combiningSqlAndSwift;
			productName = combiningSqlAndSwift;
			productReference = 2E66B3612C738C8800DB0E0A /* combiningSqlAndSwift.app */;
			productType = "com.apple.product-type.application";
		};
		2E66B3752C738C8900DB0E0A /* combiningSqlAndSwiftTests */ = {
			isa = PBXNativeTarget;
			buildConfigurationList = 2E66B38D2C738C8900DB0E0A /* Build configuration list for PBXNativeTarget "combiningSqlAndSwiftTests" */;
			buildPhases = (
				2E66B3722C738C8900DB0E0A /* Sources */,
				2E66B3732C738C8900DB0E0A /* Frameworks */,
				2E66B3742C738C8900DB0E0A /* Resources */,
			);
			buildRules = (
			);
			dependencies = (
				2E66B3782C738C8900DB0E0A /* PBXTargetDependency */,
			);
			name = combiningSqlAndSwiftTests;
			productName = combiningSqlAndSwiftTests;
			productReference = 2E66B3762C738C8900DB0E0A /* combiningSqlAndSwiftTests.xctest */;
			productType = "com.apple.product-type.bundle.unit-test";
		};
		2E66B37F2C738C8900DB0E0A /* combiningSqlAndSwiftUITests */ = {
			isa = PBXNativeTarget;
			buildConfigurationList = 2E66B3902C738C8900DB0E0A /* Build configuration list for PBXNativeTarget "combiningSqlAndSwiftUITests" */;
			buildPhases = (
				2E66B37C2C738C8900DB0E0A /* Sources */,
				2E66B37D2C738C8900DB0E0A /* Frameworks */,
				2E66B37E2C738C8900DB0E0A /* Resources */,
			);
			buildRules = (
			);
			dependencies = (
				2E66B3822C738C8900DB0E0A /* PBXTargetDependency */,
			);
			name = combiningSqlAndSwiftUITests;
			productName = combiningSqlAndSwiftUITests;
			productReference = 2E66B3802C738C8900DB0E0A /* combiningSqlAndSwiftUITests.xctest */;
			productType = "com.apple.product-type.bundle.ui-testing";
		};
/* End PBXNativeTarget section */

/* Begin PBXProject section */
		2E66B3592C738C8800DB0E0A /* Project object */ = {
			isa = PBXProject;
			attributes = {
				BuildIndependentTargetsInParallel = 1;
				LastSwiftUpdateCheck = 1540;
				LastUpgradeCheck = 1540;
				TargetAttributes = {
					2E66B3602C738C8800DB0E0A = {
						CreatedOnToolsVersion = 15.4;
					};
					2E66B3752C738C8900DB0E0A = {
						CreatedOnToolsVersion = 15.4;
						TestTargetID = 2E66B3602C738C8800DB0E0A;
					};
					2E66B37F2C738C8900DB0E0A = {
						CreatedOnToolsVersion = 15.4;
						TestTargetID = 2E66B3602C738C8800DB0E0A;
					};
				};
			};
			buildConfigurationList = 2E66B35C2C738C8800DB0E0A /* Build configuration list for PBXProject "combiningSqlAndSwift" */;
			compatibilityVersion = "Xcode 14.0";
			developmentRegion = en;
			hasScannedForEncodings = 0;
			knownRegions = (
				en,
				Base,
			);
			mainGroup = 2E66B3582C738C8800DB0E0A;
			productRefGroup = 2E66B3622C738C8800DB0E0A /* Products */;
			projectDirPath = "";
			projectRoot = "";
			targets = (
				2E66B3602C738C8800DB0E0A /* combiningSqlAndSwift */,
				2E66B3752C738C8900DB0E0A /* combiningSqlAndSwiftTests */,
				2E66B37F2C738C8900DB0E0A /* combiningSqlAndSwiftUITests */,
			);
		};
/* End PBXProject section */

/* Begin PBXResourcesBuildPhase section */
		2E66B35F2C738C8800DB0E0A /* Resources */ = {
			isa = PBXResourcesBuildPhase;
			buildActionMask = 2147483647;
			files = (
				2E66B36C2C738C8900DB0E0A /* Preview Assets.xcassets in Resources */,
				2E66B3692C738C8900DB0E0A /* Assets.xcassets in Resources */,
			);
			runOnlyForDeploymentPostprocessing = 0;
		};
		2E66B3742C738C8900DB0E0A /* Resources */ = {
			isa = PBXResourcesBuildPhase;
			buildActionMask = 2147483647;
			files = (
			);
			runOnlyForDeploymentPostprocessing = 0;
		};
		2E66B37E2C738C8900DB0E0A /* Resources */ = {
			isa = PBXResourcesBuildPhase;
			buildActionMask = 2147483647;
			files = (
			);
			runOnlyForDeploymentPostprocessing = 0;
		};
/* End PBXResourcesBuildPhase section */

/* Begin PBXSourcesBuildPhase section */
		2E66B35D2C738C8800DB0E0A /* Sources */ = {
			isa = PBXSourcesBuildPhase;
			buildActionMask = 2147483647;
			files = (
				2E66B36E2C738C8900DB0E0A /* Persistence.swift in Sources */,
				2E66B3712C738C8900DB0E0A /* combiningSqlAndSwift.xcdatamodeld in Sources */,
				2E66B3672C738C8800DB0E0A /* ContentView.swift in Sources */,
				2E66B3652C738C8800DB0E0A /* combiningSqlAndSwiftApp.swift in Sources */,
			);
			runOnlyForDeploymentPostprocessing = 0;
		};
		2E66B3722C738C8900DB0E0A /* Sources */ = {
			isa = PBXSourcesBuildPhase;
			buildActionMask = 2147483647;
			files = (
				2E66B37B2C738C8900DB0E0A /* combiningSqlAndSwiftTests.swift in Sources */,
			);
			runOnlyForDeploymentPostprocessing = 0;
		};
		2E66B37C2C738C8900DB0E0A /* Sources */ = {
			isa = PBXSourcesBuildPhase;
			buildActionMask = 2147483647;
			files = (
				2E66B3872C738C8900DB0E0A /* combiningSqlAndSwiftUITestsLaunchTests.swift in Sources */,
				2E66B3852C738C8900DB0E0A /* combiningSqlAndSwiftUITests.swift in Sources */,
			);
			runOnlyForDeploymentPostprocessing = 0;
		};
/* End PBXSourcesBuildPhase section */

/* Begin PBXTargetDependency section */
		2E66B3782C738C8900DB0E0A /* PBXTargetDependency */ = {
			isa = PBXTargetDependency;
			target = 2E66B3602C738C8800DB0E0A /* combiningSqlAndSwift */;
			targetProxy = 2E66B3772C738C8900DB0E0A /* PBXContainerItemProxy */;
		};
		2E66B3822C738C8900DB0E0A /* PBXTargetDependency */ = {
			isa = PBXTargetDependency;
			target = 2E66B3602C738C8800DB0E0A /* combiningSqlAndSwift */;
			targetProxy = 2E66B3812C738C8900DB0E0A /* PBXContainerItemProxy */;
		};
/* End PBXTargetDependency section */

/* Begin XCBuildConfiguration section */
		2E66B3882C738C8900DB0E0A /* Debug */ = {
			isa = XCBuildConfiguration;
			buildSettings = {
				ALWAYS_SEARCH_USER_PATHS = NO;
				ASSETCATALOG_COMPILER_GENERATE_SWIFT_ASSET_SYMBOL_EXTENSIONS = YES;
				CLANG_ANALYZER_NONNULL = YES;
				CLANG_ANALYZER_NUMBER_OBJECT_CONVERSION = YES_AGGRESSIVE;
				CLANG_CXX_LANGUAGE_STANDARD = "gnu++20";
				CLANG_ENABLE_MODULES = YES;
				CLANG_ENABLE_OBJC_ARC = YES;
				CLANG_ENABLE_OBJC_WEAK = YES;
				CLANG_WARN_BLOCK_CAPTURE_AUTORELEASING = YES;
				CLANG_WARN_BOOL_CONVERSION = YES;
				CLANG_WARN_COMMA = YES;
				CLANG_WARN_CONSTANT_CONVERSION = YES;
				CLANG_WARN_DEPRECATED_OBJC_IMPLEMENTATIONS = YES;
				CLANG_WARN_DIRECT_OBJC_ISA_USAGE = YES_ERROR;
				CLANG_WARN_DOCUMENTATION_COMMENTS = YES;
				CLANG_WARN_EMPTY_BODY = YES;
				CLANG_WARN_ENUM_CONVERSION = YES;
				CLANG_WARN_INFINITE_RECURSION = YES;
				CLANG_WARN_INT_CONVERSION = YES;
				CLANG_WARN_NON_LITERAL_NULL_CONVERSION = YES;
				CLANG_WARN_OBJC_IMPLICIT_RETAIN_SELF = YES;
				CLANG_WARN_OBJC_LITERAL_CONVERSION = YES;
				CLANG_WARN_OBJC_ROOT_CLASS = YES_ERROR;
				CLANG_WARN_QUOTED_INCLUDE_IN_FRAMEWORK_HEADER = YES;
				CLANG_WARN_RANGE_LOOP_ANALYSIS = YES;
				CLANG_WARN_STRICT_PROTOTYPES = YES;
				CLANG_WARN_SUSPICIOUS_MOVE = YES;
				CLANG_WARN_UNGUARDED_AVAILABILITY = YES_AGGRESSIVE;
				CLANG_WARN_UNREACHABLE_CODE = YES;
				CLANG_WARN__DUPLICATE_METHOD_MATCH = YES;
				COPY_PHASE_STRIP = NO;
				DEBUG_INFORMATION_FORMAT = dwarf;
				ENABLE_STRICT_OBJC_MSGSEND = YES;
				ENABLE_TESTABILITY = YES;
				ENABLE_USER_SCRIPT_SANDBOXING = YES;
				GCC_C_LANGUAGE_STANDARD = gnu17;
				GCC_DYNAMIC_NO_PIC = NO;
				GCC_NO_COMMON_BLOCKS = YES;
				GCC_OPTIMIZATION_LEVEL = 0;
				GCC_PREPROCESSOR_DEFINITIONS = (
					"DEBUG=1",
					"$(inherited)",
				);
				GCC_WARN_64_TO_32_BIT_CONVERSION = YES;
				GCC_WARN_ABOUT_RETURN_TYPE = YES_ERROR;
				GCC_WARN_UNDECLARED_SELECTOR = YES;
				GCC_WARN_UNINITIALIZED_AUTOS = YES_AGGRESSIVE;
				GCC_WARN_UNUSED_FUNCTION = YES;
				GCC_WARN_UNUSED_VARIABLE = YES;
				IPHONEOS_DEPLOYMENT_TARGET = 17.5;
				LOCALIZATION_PREFERS_STRING_CATALOGS = YES;
				MTL_ENABLE_DEBUG_INFO = INCLUDE_SOURCE;
				MTL_FAST_MATH = YES;
				ONLY_ACTIVE_ARCH = YES;
				SDKROOT = iphoneos;
				SWIFT_ACTIVE_COMPILATION_CONDITIONS = "DEBUG $(inherited)";
				SWIFT_OPTIMIZATION_LEVEL = "-Onone";
			};
			name = Debug;
		};
		2E66B3892C738C8900DB0E0A /* Release */ = {
			isa = XCBuildConfiguration;
			buildSettings = {
				ALWAYS_SEARCH_USER_PATHS = NO;
				ASSETCATALOG_COMPILER_GENERATE_SWIFT_ASSET_SYMBOL_EXTENSIONS = YES;
				CLANG_ANALYZER_NONNULL = YES;
				CLANG_ANALYZER_NUMBER_OBJECT_CONVERSION = YES_AGGRESSIVE;
				CLANG_CXX_LANGUAGE_STANDARD = "gnu++20";
				CLANG_ENABLE_MODULES = YES;
				CLANG_ENABLE_OBJC_ARC = YES;
				CLANG_ENABLE_OBJC_WEAK = YES;
				CLANG_WARN_BLOCK_CAPTURE_AUTORELEASING = YES;
				CLANG_WARN_BOOL_CONVERSION = YES;
				CLANG_WARN_COMMA = YES;
				CLANG_WARN_CONSTANT_CONVERSION = YES;
				CLANG_WARN_DEPRECATED_OBJC_IMPLEMENTATIONS = YES;
				CLANG_WARN_DIRECT_OBJC_ISA_USAGE = YES_ERROR;
				CLANG_WARN_DOCUMENTATION_COMMENTS = YES;
				CLANG_WARN_EMPTY_BODY = YES;
				CLANG_WARN_ENUM_CONVERSION = YES;
				CLANG_WARN_INFINITE_RECURSION = YES;
				CLANG_WARN_INT_CONVERSION = YES;
				CLANG_WARN_NON_LITERAL_NULL_CONVERSION = YES;
				CLANG_WARN_OBJC_IMPLICIT_RETAIN_SELF = YES;
				CLANG_WARN_OBJC_LITERAL_CONVERSION = YES;
				CLANG_WARN_OBJC_ROOT_CLASS = YES_ERROR;
				CLANG_WARN_QUOTED_INCLUDE_IN_FRAMEWORK_HEADER = YES;
				CLANG_WARN_RANGE_LOOP_ANALYSIS = YES;
				CLANG_WARN_STRICT_PROTOTYPES = YES;
				CLANG_WARN_SUSPICIOUS_MOVE = YES;
				CLANG_WARN_UNGUARDED_AVAILABILITY = YES_AGGRESSIVE;
				CLANG_WARN_UNREACHABLE_CODE = YES;
				CLANG_WARN__DUPLICATE_METHOD_MATCH = YES;
				COPY_PHASE_STRIP = NO;
				DEBUG_INFORMATION_FORMAT = "dwarf-with-dsym";
				ENABLE_NS_ASSERTIONS = NO;
				ENABLE_STRICT_OBJC_MSGSEND = YES;
				ENABLE_USER_SCRIPT_SANDBOXING = YES;
				GCC_C_LANGUAGE_STANDARD = gnu17;
				GCC_NO_COMMON_BLOCKS = YES;
				GCC_WARN_64_TO_32_BIT_CONVERSION = YES;
				GCC_WARN_ABOUT_RETURN_TYPE = YES_ERROR;
				GCC_WARN_UNDECLARED_SELECTOR = YES;
				GCC_WARN_UNINITIALIZED_AUTOS = YES_AGGRESSIVE;
				GCC_WARN_UNUSED_FUNCTION = YES;
				GCC_WARN_UNUSED_VARIABLE = YES;
				IPHONEOS_DEPLOYMENT_TARGET = 17.5;
				LOCALIZATION_PREFERS_STRING_CATALOGS = YES;
				MTL_ENABLE_DEBUG_INFO = NO;
				MTL_FAST_MATH = YES;
				SDKROOT = iphoneos;
				SWIFT_COMPILATION_MODE = wholemodule;
				VALIDATE_PRODUCT = YES;
			};
			name = Release;
		};
		2E66B38B2C738C8900DB0E0A /* Debug */ = {
			isa = XCBuildConfiguration;
			buildSettings = {
				ASSETCATALOG_COMPILER_APPICON_NAME = AppIcon;
				ASSETCATALOG_COMPILER_GLOBAL_ACCENT_COLOR_NAME = AccentColor;
				CODE_SIGN_STYLE = Automatic;
				CURRENT_PROJECT_VERSION = 1;
				DEVELOPMENT_ASSET_PATHS = "\"combiningSqlAndSwift/Preview Content\"";
				ENABLE_PREVIEWS = YES;
				GENERATE_INFOPLIST_FILE = YES;
				INFOPLIST_KEY_UIApplicationSceneManifest_Generation = YES;
				INFOPLIST_KEY_UIApplicationSupportsIndirectInputEvents = YES;
				INFOPLIST_KEY_UILaunchScreen_Generation = YES;
				INFOPLIST_KEY_UISupportedInterfaceOrientations_iPad = "UIInterfaceOrientationPortrait UIInterfaceOrientationPortraitUpsideDown UIInterfaceOrientationLandscapeLeft UIInterfaceOrientationLandscapeRight";
				INFOPLIST_KEY_UISupportedInterfaceOrientations_iPhone = "UIInterfaceOrientationPortrait UIInterfaceOrientationLandscapeLeft UIInterfaceOrientationLandscapeRight";
				LD_RUNPATH_SEARCH_PATHS = (
					"$(inherited)",
					"@executable_path/Frameworks",
				);
				MARKETING_VERSION = 1.0;
				PRODUCT_BUNDLE_IDENTIFIER = newsapp.combiningSqlAndSwift;
				PRODUCT_NAME = "$(TARGET_NAME)";
				SWIFT_EMIT_LOC_STRINGS = YES;
				SWIFT_VERSION = 5.0;
				TARGETED_DEVICE_FAMILY = "1,2";
			};
			name = Debug;
		};
		2E66B38C2C738C8900DB0E0A /* Release */ = {
			isa = XCBuildConfiguration;
			buildSettings = {
				ASSETCATALOG_COMPILER_APPICON_NAME = AppIcon;
				ASSETCATALOG_COMPILER_GLOBAL_ACCENT_COLOR_NAME = AccentColor;
				CODE_SIGN_STYLE = Automatic;
				CURRENT_PROJECT_VERSION = 1;
				DEVELOPMENT_ASSET_PATHS = "\"combiningSqlAndSwift/Preview Content\"";
				ENABLE_PREVIEWS = YES;
				GENERATE_INFOPLIST_FILE = YES;
				INFOPLIST_KEY_UIApplicationSceneManifest_Generation = YES;
				INFOPLIST_KEY_UIApplicationSupportsIndirectInputEvents = YES;
				INFOPLIST_KEY_UILaunchScreen_Generation = YES;
				INFOPLIST_KEY_UISupportedInterfaceOrientations_iPad = "UIInterfaceOrientationPortrait UIInterfaceOrientationPortraitUpsideDown UIInterfaceOrientationLandscapeLeft UIInterfaceOrientationLandscapeRight";
				INFOPLIST_KEY_UISupportedInterfaceOrientations_iPhone = "UIInterfaceOrientationPortrait UIInterfaceOrientationLandscapeLeft UIInterfaceOrientationLandscapeRight";
				LD_RUNPATH_SEARCH_PATHS = (
					"$(inherited)",
					"@executable_path/Frameworks",
				);
				MARKETING_VERSION = 1.0;
				PRODUCT_BUNDLE_IDENTIFIER = newsapp.combiningSqlAndSwift;
				PRODUCT_NAME = "$(TARGET_NAME)";
				SWIFT_EMIT_LOC_STRINGS = YES;
				SWIFT_VERSION = 5.0;
				TARGETED_DEVICE_FAMILY = "1,2";
			};
			name = Release;
		};
		2E66B38E2C738C8900DB0E0A /* Debug */ = {
			isa = XCBuildConfiguration;
			buildSettings = {
				ALWAYS_EMBED_SWIFT_STANDARD_LIBRARIES = YES;
				BUNDLE_LOADER = "$(TEST_HOST)";
				CODE_SIGN_STYLE = Automatic;
				CURRENT_PROJECT_VERSION = 1;
				GENERATE_INFOPLIST_FILE = YES;
				IPHONEOS_DEPLOYMENT_TARGET = 17.5;
				MARKETING_VERSION = 1.0;
				PRODUCT_BUNDLE_IDENTIFIER = newsapp.combiningSqlAndSwiftTests;
				PRODUCT_NAME = "$(TARGET_NAME)";
				SWIFT_EMIT_LOC_STRINGS = NO;
				SWIFT_VERSION = 5.0;
				TARGETED_DEVICE_FAMILY = "1,2";
				TEST_HOST = "$(BUILT_PRODUCTS_DIR)/combiningSqlAndSwift.app/$(BUNDLE_EXECUTABLE_FOLDER_PATH)/combiningSqlAndSwift";
			};
			name = Debug;
		};
		2E66B38F2C738C8900DB0E0A /* Release */ = {
			isa = XCBuildConfiguration;
			buildSettings = {
				ALWAYS_EMBED_SWIFT_STANDARD_LIBRARIES = YES;
				BUNDLE_LOADER = "$(TEST_HOST)";
				CODE_SIGN_STYLE = Automatic;
				CURRENT_PROJECT_VERSION = 1;
				GENERATE_INFOPLIST_FILE = YES;
				IPHONEOS_DEPLOYMENT_TARGET = 17.5;
				MARKETING_VERSION = 1.0;
				PRODUCT_BUNDLE_IDENTIFIER = newsapp.combiningSqlAndSwiftTests;
				PRODUCT_NAME = "$(TARGET_NAME)";
				SWIFT_EMIT_LOC_STRINGS = NO;
				SWIFT_VERSION = 5.0;
				TARGETED_DEVICE_FAMILY = "1,2";
				TEST_HOST = "$(BUILT_PRODUCTS_DIR)/combiningSqlAndSwift.app/$(BUNDLE_EXECUTABLE_FOLDER_PATH)/combiningSqlAndSwift";
			};
			name = Release;
		};
		2E66B3912C738C8900DB0E0A /* Debug */ = {
			isa = XCBuildConfiguration;
			buildSettings = {
				ALWAYS_EMBED_SWIFT_STANDARD_LIBRARIES = YES;
				CODE_SIGN_STYLE = Automatic;
				CURRENT_PROJECT_VERSION = 1;
				GENERATE_INFOPLIST_FILE = YES;
				MARKETING_VERSION = 1.0;
				PRODUCT_BUNDLE_IDENTIFIER = newsapp.combiningSqlAndSwiftUITests;
				PRODUCT_NAME = "$(TARGET_NAME)";
				SWIFT_EMIT_LOC_STRINGS = NO;
				SWIFT_VERSION = 5.0;
				TARGETED_DEVICE_FAMILY = "1,2";
				TEST_TARGET_NAME = combiningSqlAndSwift;
			};
			name = Debug;
		};
		2E66B3922C738C8900DB0E0A /* Release */ = {
			isa = XCBuildConfiguration;
			buildSettings = {
				ALWAYS_EMBED_SWIFT_STANDARD_LIBRARIES = YES;
				CODE_SIGN_STYLE = Automatic;
				CURRENT_PROJECT_VERSION = 1;
				GENERATE_INFOPLIST_FILE = YES;
				MARKETING_VERSION = 1.0;
				PRODUCT_BUNDLE_IDENTIFIER = newsapp.combiningSqlAndSwiftUITests;
				PRODUCT_NAME = "$(TARGET_NAME)";
				SWIFT_EMIT_LOC_STRINGS = NO;
				SWIFT_VERSION = 5.0;
				TARGETED_DEVICE_FAMILY = "1,2";
				TEST_TARGET_NAME = combiningSqlAndSwift;
			};
			name = Release;
		};
/* End XCBuildConfiguration section */

/* Begin XCConfigurationList section */
		2E66B35C2C738C8800DB0E0A /* Build configuration list for PBXProject "combiningSqlAndSwift" */ = {
			isa = XCConfigurationList;
			buildConfigurations = (
				2E66B3882C738C8900DB0E0A /* Debug */,
				2E66B3892C738C8900DB0E0A /* Release */,
			);
			defaultConfigurationIsVisible = 0;
			defaultConfigurationName = Release;
		};
		2E66B38A2C738C8900DB0E0A /* Build configuration list for PBXNativeTarget "combiningSqlAndSwift" */ = {
			isa = XCConfigurationList;
			buildConfigurations = (
				2E66B38B2C738C8900DB0E0A /* Debug */,
				2E66B38C2C738C8900DB0E0A /* Release */,
			);
			defaultConfigurationIsVisible = 0;
			defaultConfigurationName = Release;
		};
		2E66B38D2C738C8900DB0E0A /* Build configuration list for PBXNativeTarget "combiningSqlAndSwiftTests" */ = {
			isa = XCConfigurationList;
			buildConfigurations = (
				2E66B38E2C738C8900DB0E0A /* Debug */,
				2E66B38F2C738C8900DB0E0A /* Release */,
			);
			defaultConfigurationIsVisible = 0;
			defaultConfigurationName = Release;
		};
		2E66B3902C738C8900DB0E0A /* Build configuration list for PBXNativeTarget "combiningSqlAndSwiftUITests" */ = {
			isa = XCConfigurationList;
			buildConfigurations = (
				2E66B3912C738C8900DB0E0A /* Debug */,
				2E66B3922C738C8900DB0E0A /* Release */,
			);
			defaultConfigurationIsVisible = 0;
			defaultConfigurationName = Release;
		};
/* End XCConfigurationList section */

/* Begin XCVersionGroup section */
		2E66B36F2C738C8900DB0E0A /* combiningSqlAndSwift.xcdatamodeld */ = {
			isa = XCVersionGroup;
			children = (
				2E66B3702C738C8900DB0E0A /* combiningSqlAndSwift.xcdatamodel */,
			);
			currentVersion = 2E66B3702C738C8900DB0E0A /* combiningSqlAndSwift.xcdatamodel */;
			path = combiningSqlAndSwift.xcdatamodeld;
			sourceTree = "<group>";
			versionGroupType = wrapper.xcdatamodel;
		};
/* End XCVersionGroup section */
	};
	rootObject = 2E66B3592C738C8800DB0E0A /* Project object */;
}
